# This file was autogenerated by Stack.
# You should not edit this file by hand.
# For more information, please see the documentation at:
#   https://docs.haskellstack.org/en/stable/lock_files

packages:
- completed:
    size: 3777
    url: https://github.com/reouno/persistent-util/archive/0.3.2.14.14.tar.gz
    cabal-file:
      size: 1024
      sha256: 05c723cffafcd30ec0b7ae58c490427deb8156582a7b292e03ab63a854572dd8
    name: persistent-util
    version: 0.3.2.14.14
    sha256: 42b26a3241c6df1481850c7ac824e4a90fca616be90f8216546ca53e825c695c
    pantry-tree:
      size: 632
      sha256: 218f310c3314861bd1b52951a985a1e1e855d5f3d658dff5c998592bbee734d7
  original:
    url: https://github.com/reouno/persistent-util/archive/0.3.2.14.14.tar.gz
- completed:
    hackage: extensible-0.7.1@sha256:feee1d0109e716075a72334a02086b4969cd52537661ffb5fd959ce5f9c01e25,2894
    pantry-tree:
      size: 2097
      sha256: 0074e55cf4bdd916bb157137f580560d589d18d0e88e0b2b85f8a3239aaacf5d
  original:
    hackage: extensible-0.7.1@sha256:feee1d0109e716075a72334a02086b4969cd52537661ffb5fd959ce5f9c01e25,2894
- completed:
    hackage: membership-0@sha256:3a11d8fd53cb1a76bb9273e6c929bbf9d649f109714bf487abb3143be04ddc81,995
    pantry-tree:
      size: 408
      sha256: 3b593e0d14e848e318e745555776ebb25210e5e3dec4fde5d3c08ab51ceddc62
  original:
    hackage: membership-0@sha256:3a11d8fd53cb1a76bb9273e6c929bbf9d649f109714bf487abb3143be04ddc81,995
snapshots:
- completed:
    size: 524996
    url: https://raw.githubusercontent.com/commercialhaskell/stackage-snapshots/master/lts/14/27.yaml
    sha256: 7ea31a280c56bf36ff591a7397cc384d0dff622e7f9e4225b47d8980f019a0f0
  original: lts-14.27
